// !$*UTF8*$!
{
	archiveVersion = 1;
	classes = {
	};
	objectVersion = 46;
	objects = {

/* Begin PBXBuildFile section */
		C5040CC01F7E5DF0001FE768 /* libz.tbd in Frameworks */ = {isa = PBXBuildFile; fileRef = C5040CBF1F7E5DF0001FE768 /* libz.tbd */; };
		C5040CC21F7E5DF8001FE768 /* libc++.tbd in Frameworks */ = {isa = PBXBuildFile; fileRef = C5040CC11F7E5DF8001FE768 /* libc++.tbd */; };
		C5040CC41F7E5E00001FE768 /* AdSupport.framework in Frameworks */ = {isa = PBXBuildFile; fileRef = C5040CC31F7E5E00001FE768 /* AdSupport.framework */; };
		C5040CC61F7E5E08001FE768 /* CoreFoundation.framework in Frameworks */ = {isa = PBXBuildFile; fileRef = C5040CC51F7E5E08001FE768 /* CoreFoundation.framework */; };
		C5040CC81F7E5E14001FE768 /* CoreMotion.framework in Frameworks */ = {isa = PBXBuildFile; fileRef = C5040CC71F7E5E14001FE768 /* CoreMotion.framework */; };
		C5040CCA1F7E5E1C001FE768 /* SystemConfiguration.framework in Frameworks */ = {isa = PBXBuildFile; fileRef = C5040CC91F7E5E1C001FE768 /* SystemConfiguration.framework */; };
		C52B4BCC1F7E5DA100674AEB /* main.m in Sources */ = {isa = PBXBuildFile; fileRef = C52B4BCB1F7E5DA100674AEB /* main.m */; };
		C52B4BCF1F7E5DA100674AEB /* AppDelegate.m in Sources */ = {isa = PBXBuildFile; fileRef = C52B4BCE1F7E5DA100674AEB /* AppDelegate.m */; };
		C52B4BD21F7E5DA100674AEB /* ViewController.m in Sources */ = {isa = PBXBuildFile; fileRef = C52B4BD11F7E5DA100674AEB /* ViewController.m */; };
		C52B4BD51F7E5DA100674AEB /* Main.storyboard in Resources */ = {isa = PBXBuildFile; fileRef = C52B4BD31F7E5DA100674AEB /* Main.storyboard */; };
		C52B4BD71F7E5DA100674AEB /* Assets.xcassets in Resources */ = {isa = PBXBuildFile; fileRef = C52B4BD61F7E5DA100674AEB /* Assets.xcassets */; };
		C52B4BE41F7E5DB100674AEB /* DeviceData.m in Sources */ = {isa = PBXBuildFile; fileRef = C52B4BE21F7E5DB100674AEB /* DeviceData.m */; };
/* End PBXBuildFile section */

/* Begin PBXFileReference section */
		C5040CBF1F7E5DF0001FE768 /* libz.tbd */ = {isa = PBXFileReference; lastKnownFileType = "sourcecode.text-based-dylib-definition"; name = libz.tbd; path = usr/lib/libz.tbd; sourceTree = SDKROOT; };
		C5040CC11F7E5DF8001FE768 /* libc++.tbd */ = {isa = PBXFileReference; lastKnownFileType = "sourcecode.text-based-dylib-definition"; name = "libc++.tbd"; path = "usr/lib/libc++.tbd"; sourceTree = SDKROOT; };
		C5040CC31F7E5E00001FE768 /* AdSupport.framework */ = {isa = PBXFileReference; lastKnownFileType = wrapper.framework; name = AdSupport.framework; path = System/Library/Frameworks/AdSupport.framework; sourceTree = SDKROOT; };
		C5040CC51F7E5E08001FE768 /* CoreFoundation.framework */ = {isa = PBXFileReference; lastKnownFileType = wrapper.framework; name = CoreFoundation.framework; path = System/Library/Frameworks/CoreFoundation.framework; sourceTree = SDKROOT; };
		C5040CC71F7E5E14001FE768 /* CoreMotion.framework */ = {isa = PBXFileReference; lastKnownFileType = wrapper.framework; name = CoreMotion.framework; path = System/Library/Frameworks/CoreMotion.framework; sourceTree = SDKROOT; };
		C5040CC91F7E5E1C001FE768 /* SystemConfiguration.framework */ = {isa = PBXFileReference; lastKnownFileType = wrapper.framework; name = SystemConfiguration.framework; path = System/Library/Frameworks/SystemConfiguration.framework; sourceTree = SDKROOT; };
		C52B4BC71F7E5DA100674AEB /* GetDataDemo.app */ = {isa = PBXFileReference; explicitFileType = wrapper.application; includeInIndex = 0; path = GetDataDemo.app; sourceTree = BUILT_PRODUCTS_DIR; };
		C52B4BCB1F7E5DA100674AEB /* main.m */ = {isa = PBXFileReference; lastKnownFileType = sourcecode.c.objc; path = main.m; sourceTree = "<group>"; };
		C52B4BCD1F7E5DA100674AEB /* AppDelegate.h */ = {isa = PBXFileReference; lastKnownFileType = sourcecode.c.h; path = AppDelegate.h; sourceTree = "<group>"; };
		C52B4BCE1F7E5DA100674AEB /* AppDelegate.m */ = {isa = PBXFileReference; lastKnownFileType = sourcecode.c.objc; path = AppDelegate.m; sourceTree = "<group>"; };
		C52B4BD01F7E5DA100674AEB /* ViewController.h */ = {isa = PBXFileReference; lastKnownFileType = sourcecode.c.h; path = ViewController.h; sourceTree = "<group>"; };
		C52B4BD11F7E5DA100674AEB /* ViewController.m */ = {isa = PBXFileReference; lastKnownFileType = sourcecode.c.objc; path = ViewController.m; sourceTree = "<group>"; };
		C52B4BD41F7E5DA100674AEB /* Base */ = {isa = PBXFileReference; lastKnownFileType = file.storyboard; name = Base; path = Base.lproj/Main.storyboard; sourceTree = "<group>"; };
		C52B4BD61F7E5DA100674AEB /* Assets.xcassets */ = {isa = PBXFileReference; lastKnownFileType = folder.assetcatalog; path = Assets.xcassets; sourceTree = "<group>"; };
		C52B4BDB1F7E5DA100674AEB /* Info.plist */ = {isa = PBXFileReference; lastKnownFileType = text.plist.xml; path = Info.plist; sourceTree = "<group>"; };
		C52B4BE11F7E5DB100674AEB /* DeviceData.h */ = {isa = PBXFileReference; fileEncoding = 4; lastKnownFileType = sourcecode.c.h; path = DeviceData.h; sourceTree = "<group>"; };
		C52B4BE21F7E5DB100674AEB /* DeviceData.m */ = {isa = PBXFileReference; fileEncoding = 4; lastKnownFileType = sourcecode.c.objc; path = DeviceData.m; sourceTree = "<group>"; };
/* End PBXFileReference section */

/* Begin PBXFrameworksBuildPhase section */
		C52B4BC41F7E5DA100674AEB /* Frameworks */ = {
			isa = PBXFrameworksBuildPhase;
			buildActionMask = 2147483647;
			files = (
				C5040CCA1F7E5E1C001FE768 /* SystemConfiguration.framework in Frameworks */,
				C5040CC81F7E5E14001FE768 /* CoreMotion.framework in Frameworks */,
				C5040CC61F7E5E08001FE768 /* CoreFoundation.framework in Frameworks */,
				C5040CC41F7E5E00001FE768 /* AdSupport.framework in Frameworks */,
				C5040CC21F7E5DF8001FE768 /* libc++.tbd in Frameworks */,
				C5040CC01F7E5DF0001FE768 /* libz.tbd in Frameworks */,
			);
			runOnlyForDeploymentPostprocessing = 0;
		};
/* End PBXFrameworksBuildPhase section */

/* Begin PBXGroup section */
		C5040CBE1F7E5DF0001FE768 /* Frameworks */ = {
			isa = PBXGroup;
			children = (
				C5040CC91F7E5E1C001FE768 /* SystemConfiguration.framework */,
				C5040CC71F7E5E14001FE768 /* CoreMotion.framework */,
				C5040CC51F7E5E08001FE768 /* CoreFoundation.framework */,
				C5040CC31F7E5E00001FE768 /* AdSupport.framework */,
				C5040CC11F7E5DF8001FE768 /* libc++.tbd */,
				C5040CBF1F7E5DF0001FE768 /* libz.tbd */,
			);
			name = Frameworks;
			sourceTree = "<group>";
		};
		C52B4BBE1F7E5DA100674AEB = {
			isa = PBXGroup;
			children = (
				C52B4BC91F7E5DA100674AEB /* GetDataDemo */,
				C52B4BC81F7E5DA100674AEB /* Products */,
				C5040CBE1F7E5DF0001FE768 /* Frameworks */,
			);
			sourceTree = "<group>";
		};
		C52B4BC81F7E5DA100674AEB /* Products */ = {
			isa = PBXGroup;
			children = (
				C52B4BC71F7E5DA100674AEB /* GetDataDemo.app */,
			);
			name = Products;
			sourceTree = "<group>";
		};
		C52B4BC91F7E5DA100674AEB /* GetDataDemo */ = {
			isa = PBXGroup;
			children = (
				C52B4BCD1F7E5DA100674AEB /* AppDelegate.h */,
				C52B4BCE1F7E5DA100674AEB /* AppDelegate.m */,
				C52B4BE11F7E5DB100674AEB /* DeviceData.h */,
				C52B4BE21F7E5DB100674AEB /* DeviceData.m */,
				C52B4BD01F7E5DA100674AEB /* ViewController.h */,
				C52B4BD11F7E5DA100674AEB /* ViewController.m */,
				C52B4BD31F7E5DA100674AEB /* Main.storyboard */,
				C52B4BD61F7E5DA100674AEB /* Assets.xcassets */,
				C52B4BDB1F7E5DA100674AEB /* Info.plist */,
				C52B4BCA1F7E5DA100674AEB /* Supporting Files */,
			);
			path = GetDataDemo;
			sourceTree = "<group>";
		};
		C52B4BCA1F7E5DA100674AEB /* Supporting Files */ = {
			isa = PBXGroup;
			children = (
				C52B4BCB1F7E5DA100674AEB /* main.m */,
			);
			name = "Supporting Files";
			sourceTree = "<group>";
		};
/* End PBXGroup section */

/* Begin PBXNativeTarget section */
		C52B4BC61F7E5DA100674AEB /* GetDataDemo */ = {
			isa = PBXNativeTarget;
			buildConfigurationList = C52B4BDE1F7E5DA100674AEB /* Build configuration list for PBXNativeTarget "GetDataDemo" */;
			buildPhases = (
				C52B4BC31F7E5DA100674AEB /* Sources */,
				C52B4BC41F7E5DA100674AEB /* Frameworks */,
				C52B4BC51F7E5DA100674AEB /* Resources */,
			);
			buildRules = (
			);
			dependencies = (
			);
			name = GetDataDemo;
			productName = GetDataDemo;
			productReference = C52B4BC71F7E5DA100674AEB /* GetDataDemo.app */;
			productType = "com.apple.product-type.application";
		};
/* End PBXNativeTarget section */

/* Begin PBXProject section */
		C52B4BBF1F7E5DA100674AEB /* Project object */ = {
			isa = PBXProject;
			attributes = {
				LastUpgradeCheck = 0830;
				ORGANIZATIONNAME = "冯婷婷";
				TargetAttributes = {
					C52B4BC61F7E5DA100674AEB = {
						CreatedOnToolsVersion = 8.3.3;
						DevelopmentTeam = S4EGEC883V;
						ProvisioningStyle = Automatic;
					};
				};
			};
			buildConfigurationList = C52B4BC21F7E5DA100674AEB /* Build configuration list for PBXProject "GetDataDemo" */;
			compatibilityVersion = "Xcode 3.2";
			developmentRegion = English;
			hasScannedForEncodings = 0;
			knownRegions = (
				en,
				Base,
			);
			mainGroup = C52B4BBE1F7E5DA100674AEB;
			productRefGroup = C52B4BC81F7E5DA100674AEB /* Products */;
			projectDirPath = "";
			projectRoot = "";
			targets = (
				C52B4BC61F7E5DA100674AEB /* GetDataDemo */,
			);
		};
/* End PBXProject section */

/* Begin PBXResourcesBuildPhase section */
		C52B4BC51F7E5DA100674AEB /* Resources */ = {
			isa = PBXResourcesBuildPhase;
			buildActionMask = 2147483647;
			files = (
				C52B4BD71F7E5DA100674AEB /* Assets.xcassets in Resources */,
				C52B4BD51F7E5DA100674AEB /* Main.storyboard in Resources */,
			);
			runOnlyForDeploymentPostprocessing = 0;
		};
/* End PBXResourcesBuildPhase section */

/* Begin PBXSourcesBuildPhase section */
		C52B4BC31F7E5DA100674AEB /* Sources */ = {
			isa = PBXSourcesBuildPhase;
			buildActionMask = 2147483647;
			files = (
				C52B4BD21F7E5DA100674AEB /* ViewController.m in Sources */,
				C52B4BE41F7E5DB100674AEB /* DeviceData.m in Sources */,
				C52B4BCF1F7E5DA100674AEB /* AppDelegate.m in Sources */,
				C52B4BCC1F7E5DA100674AEB /* main.m in Sources */,
			);
			runOnlyForDeploymentPostprocessing = 0;
		};
/* End PBXSourcesBuildPhase section */

/* Begin PBXVariantGroup section */
		C52B4BD31F7E5DA100674AEB /* Main.storyboard */ = {
			isa = PBXVariantGroup;
			children = (
				C52B4BD41F7E5DA100674AEB /* Base */,
			);
			name = Main.storyboard;
			sourceTree = "<group>";
		};
/* End PBXVariantGroup section */

/* Begin XCBuildConfiguration section */
		C52B4BDC1F7E5DA100674AEB /* Debug */ = {
			isa = XCBuildConfiguration;
			buildSettings = {
				ALWAYS_SEARCH_USER_PATHS = NO;
				CLANG_ANALYZER_NONNULL = YES;
				CLANG_ANALYZER_NUMBER_OBJECT_CONVERSION = YES_AGGRESSIVE;
				CLANG_CXX_LANGUAGE_STANDARD = "gnu++0x";
				CLANG_CXX_LIBRARY = "libc++";
				CLANG_ENABLE_MODULES = YES;
				CLANG_ENABLE_OBJC_ARC = YES;
				CLANG_WARN_BOOL_CONVERSION = YES;
				CLANG_WARN_CONSTANT_CONVERSION = YES;
				CLANG_WARN_DIRECT_OBJC_ISA_USAGE = YES_ERROR;
				CLANG_WARN_DOCUMENTATION_COMMENTS = YES;
				CLANG_WARN_EMPTY_BODY = YES;
				CLANG_WARN_ENUM_CONVERSION = YES;
				CLANG_WARN_INFINITE_RECURSION = YES;
				CLANG_WARN_INT_CONVERSION = YES;
				CLANG_WARN_OBJC_ROOT_CLASS = YES_ERROR;
				CLANG_WARN_SUSPICIOUS_MOVE = YES;
				CLANG_WARN_UNREACHABLE_CODE = YES;
				CLANG_WARN__DUPLICATE_METHOD_MATCH = YES;
				"CODE_SIGN_IDENTITY[sdk=iphoneos*]" = "iPhone Developer";
				COPY_PHASE_STRIP = NO;
				DEBUG_INFORMATION_FORMAT = dwarf;
				ENABLE_STRICT_OBJC_MSGSEND = YES;
				ENABLE_TESTABILITY = YES;
				GCC_C_LANGUAGE_STANDARD = gnu99;
				GCC_DYNAMIC_NO_PIC = NO;
				GCC_NO_COMMON_BLOCKS = YES;
				GCC_OPTIMIZATION_LEVEL = 0;
				GCC_PREPROCESSOR_DEFINITIONS = (
					"DEBUG=1",
					"$(inherited)",
				);
				GCC_WARN_64_TO_32_BIT_CONVERSION = YES;
				GCC_WARN_ABOUT_RETURN_TYPE = YES_ERROR;
				GCC_WARN_UNDECLARED_SELECTOR = YES;
				GCC_WARN_UNINITIALIZED_AUTOS = YES_AGGRESSIVE;
				GCC_WARN_UNUSED_FUNCTION = YES;
				GCC_WARN_UNUSED_VARIABLE = YES;
				IPHONEOS_DEPLOYMENT_TARGET = 10.3;
				MTL_ENABLE_DEBUG_INFO = YES;
				ONLY_ACTIVE_ARCH = YES;
				SDKROOT = iphoneos;
				TARGETED_DEVICE_FAMILY = "1,2";
			};
			name = Debug;
		};
		C52B4BDD1F7E5DA100674AEB /* Release */ = {
			isa = XCBuildConfiguration;
			buildSettings = {
				ALWAYS_SEARCH_USER_PATHS = NO;
				CLANG_ANALYZER_NONNULL = YES;
				CLANG_ANALYZER_NUMBER_OBJECT_CONVERSION = YES_AGGRESSIVE;
				CLANG_CXX_LANGUAGE_STANDARD = "gnu++0x";
				CLANG_CXX_LIBRARY = "libc++";
				CLANG_ENABLE_MODULES = YES;
				CLANG_ENABLE_OBJC_ARC = YES;
				CLANG_WARN_BOOL_CONVERSION = YES;
				CLANG_WARN_CONSTANT_CONVERSION = YES;
				CLANG_WARN_DIRECT_OBJC_ISA_USAGE = YES_ERROR;
				CLANG_WARN_DOCUMENTATION_COMMENTS = YES;
				CLANG_WARN_EMPTY_BODY = YES;
				CLANG_WARN_ENUM_CONVERSION = YES;
				CLANG_WARN_INFINITE_RECURSION = YES;
				CLANG_WARN_INT_CONVERSION = YES;
				CLANG_WARN_OBJC_ROOT_CLASS = YES_ERROR;
				CLANG_WARN_SUSPICIOUS_MOVE = YES;
				CLANG_WARN_UNREACHABLE_CODE = YES;
				CLANG_WARN__DUPLICATE_METHOD_MATCH = YES;
				"CODE_SIGN_IDENTITY[sdk=iphoneos*]" = "iPhone Developer";
				COPY_PHASE_STRIP = NO;
				DEBUG_INFORMATION_FORMAT = "dwarf-with-dsym";
				ENABLE_NS_ASSERTIONS = NO;
				ENABLE_STRICT_OBJC_MSGSEND = YES;
				GCC_C_LANGUAGE_STANDARD = gnu99;
				GCC_NO_COMMON_BLOCKS = YES;
				GCC_WARN_64_TO_32_BIT_CONVERSION = YES;
				GCC_WARN_ABOUT_RETURN_TYPE = YES_ERROR;
				GCC_WARN_UNDECLARED_SELECTOR = YES;
				GCC_WARN_UNINITIALIZED_AUTOS = YES_AGGRESSIVE;
				GCC_WARN_UNUSED_FUNCTION = YES;
				GCC_WARN_UNUSED_VARIABLE = YES;
				IPHONEOS_DEPLOYMENT_TARGET = 10.3;
				MTL_ENABLE_DEBUG_INFO = NO;
				SDKROOT = iphoneos;
				TARGETED_DEVICE_FAMILY = "1,2";
				VALIDATE_PRODUCT = YES;
			};
			name = Release;
		};
		C52B4BDF1F7E5DA100674AEB /* Debug */ = {
			isa = XCBuildConfiguration;
			buildSettings = {
				ASSETCATALOG_COMPILER_APPICON_NAME = AppIcon;
				DEVELOPMENT_TEAM = S4EGEC883V;
				INFOPLIST_FILE = GetDataDemo/Info.plist;
				LD_RUNPATH_SEARCH_PATHS = "$(inherited) @executable_path/Frameworks";
				PRODUCT_BUNDLE_IDENTIFIER = com.data.com.GetDataDemo;
				PRODUCT_NAME = "$(TARGET_NAME)";
			};
			name = Debug;
		};
		C52B4BE01F7E5DA100674AEB /* Release */ = {
			isa = XCBuildConfiguration;
			buildSettings = {
				ASSETCATALOG_COMPILER_APPICON_NAME = AppIcon;
				DEVELOPMENT_TEAM = S4EGEC883V;
				INFOPLIST_FILE = GetDataDemo/Info.plist;
				LD_RUNPATH_SEARCH_PATHS = "$(inherited) @executable_path/Frameworks";
				PRODUCT_BUNDLE_IDENTIFIER = com.data.com.GetDataDemo;
				PRODUCT_NAME = "$(TARGET_NAME)";
			};
			name = Release;
		};
/* End XCBuildConfiguration section */

/* Begin XCConfigurationList section */
		C52B4BC21F7E5DA100674AEB /* Build configuration list for PBXProject "GetDataDemo" */ = {
			isa = XCConfigurationList;
			buildConfigurations = (
				C52B4BDC1F7E5DA100674AEB /* Debug */,
				C52B4BDD1F7E5DA100674AEB /* Release */,
			);
			defaultConfigurationIsVisible = 0;
			defaultConfigurationName = Release;
		};
		C52B4BDE1F7E5DA100674AEB /* Build configuration list for PBXNativeTarget "GetDataDemo" */ = {
			isa = XCConfigurationList;
			buildConfigurations = (
				C52B4BDF1F7E5DA100674AEB /* Debug */,
				C52B4BE01F7E5DA100674AEB /* Release */,
			);
			defaultConfigurationIsVisible = 0;
			defaultConfigurationName = Release;
		};
/* End XCConfigurationList section */
	};
	rootObject = C52B4BBF1F7E5DA100674AEB /* Project object */;
}
